// !$*UTF8*$!
{
	archiveVersion = 1;
	classes = {
	};
	objectVersion = 55;
	objects = {

/* Begin PBXBuildFile section */
		9A94061327410B9400C72D6C /* RootView.swift in Sources */ = {isa = PBXBuildFile; fileRef = 9A94061227410B9400C72D6C /* RootView.swift */; };
		9A9406152741108E00C72D6C /* TabButton.swift in Sources */ = {isa = PBXBuildFile; fileRef = 9A9406142741108E00C72D6C /* TabButton.swift */; };
		9A9406172741137F00C72D6C /* CustomCorners.swift in Sources */ = {isa = PBXBuildFile; fileRef = 9A9406162741137F00C72D6C /* CustomCorners.swift */; };
		9A9406192741193F00C72D6C /* SideMenu.swift in Sources */ = {isa = PBXBuildFile; fileRef = 9A9406182741193F00C72D6C /* SideMenu.swift */; };
		9A94061B27411A6800C72D6C /* TabContentView.swift in Sources */ = {isa = PBXBuildFile; fileRef = 9A94061A27411A6800C72D6C /* TabContentView.swift */; };
		9AA898CC2741086A00DCAD73 /* SwiftUI_Custom_Side_MenuApp.swift in Sources */ = {isa = PBXBuildFile; fileRef = 9AA898BC2741086A00DCAD73 /* SwiftUI_Custom_Side_MenuApp.swift */; };
		9AA898CD2741086A00DCAD73 /* SwiftUI_Custom_Side_MenuApp.swift in Sources */ = {isa = PBXBuildFile; fileRef = 9AA898BC2741086A00DCAD73 /* SwiftUI_Custom_Side_MenuApp.swift */; };
		9AA898CE2741086A00DCAD73 /* ContentView.swift in Sources */ = {isa = PBXBuildFile; fileRef = 9AA898BD2741086A00DCAD73 /* ContentView.swift */; };
		9AA898CF2741086A00DCAD73 /* ContentView.swift in Sources */ = {isa = PBXBuildFile; fileRef = 9AA898BD2741086A00DCAD73 /* ContentView.swift */; };
		9AA898D02741086A00DCAD73 /* Assets.xcassets in Resources */ = {isa = PBXBuildFile; fileRef = 9AA898BE2741086A00DCAD73 /* Assets.xcassets */; };
		9AA898D12741086A00DCAD73 /* Assets.xcassets in Resources */ = {isa = PBXBuildFile; fileRef = 9AA898BE2741086A00DCAD73 /* Assets.xcassets */; };
/* End PBXBuildFile section */

/* Begin PBXFileReference section */
		9A94061227410B9400C72D6C /* RootView.swift */ = {isa = PBXFileReference; lastKnownFileType = sourcecode.swift; path = RootView.swift; sourceTree = "<group>"; };
		9A9406142741108E00C72D6C /* TabButton.swift */ = {isa = PBXFileReference; lastKnownFileType = sourcecode.swift; path = TabButton.swift; sourceTree = "<group>"; };
		9A9406162741137F00C72D6C /* CustomCorners.swift */ = {isa = PBXFileReference; lastKnownFileType = sourcecode.swift; path = CustomCorners.swift; sourceTree = "<group>"; };
		9A9406182741193F00C72D6C /* SideMenu.swift */ = {isa = PBXFileReference; lastKnownFileType = sourcecode.swift; path = SideMenu.swift; sourceTree = "<group>"; };
		9A94061A27411A6800C72D6C /* TabContentView.swift */ = {isa = PBXFileReference; lastKnownFileType = sourcecode.swift; path = TabContentView.swift; sourceTree = "<group>"; };
		9AA898BC2741086A00DCAD73 /* SwiftUI_Custom_Side_MenuApp.swift */ = {isa = PBXFileReference; lastKnownFileType = sourcecode.swift; path = SwiftUI_Custom_Side_MenuApp.swift; sourceTree = "<group>"; };
		9AA898BD2741086A00DCAD73 /* ContentView.swift */ = {isa = PBXFileReference; lastKnownFileType = sourcecode.swift; path = ContentView.swift; sourceTree = "<group>"; };
		9AA898BE2741086A00DCAD73 /* Assets.xcassets */ = {isa = PBXFileReference; lastKnownFileType = folder.assetcatalog; path = Assets.xcassets; sourceTree = "<group>"; };
		9AA898C32741086A00DCAD73 /* SwiftUI-Custom-Side-Menu.app */ = {isa = PBXFileReference; explicitFileType = wrapper.application; includeInIndex = 0; path = "SwiftUI-Custom-Side-Menu.app"; sourceTree = BUILT_PRODUCTS_DIR; };
		9AA898C92741086A00DCAD73 /* SwiftUI-Custom-Side-Menu.app */ = {isa = PBXFileReference; explicitFileType = wrapper.application; includeInIndex = 0; path = "SwiftUI-Custom-Side-Menu.app"; sourceTree = BUILT_PRODUCTS_DIR; };
		9AA898CB2741086A00DCAD73 /* macOS.entitlements */ = {isa = PBXFileReference; lastKnownFileType = text.plist.entitlements; path = macOS.entitlements; sourceTree = "<group>"; };
/* End PBXFileReference section */

/* Begin PBXFrameworksBuildPhase section */
		9AA898C02741086A00DCAD73 /* Frameworks */ = {
			isa = PBXFrameworksBuildPhase;
			buildActionMask = 2147483647;
			files = (
			);
			runOnlyForDeploymentPostprocessing = 0;
		};
		9AA898C62741086A00DCAD73 /* Frameworks */ = {
			isa = PBXFrameworksBuildPhase;
			buildActionMask = 2147483647;
			files = (
			);
			runOnlyForDeploymentPostprocessing = 0;
		};
/* End PBXFrameworksBuildPhase section */

/* Begin PBXGroup section */
		9A94061127410B7300C72D6C /* View */ = {
			isa = PBXGroup;
			children = (
				9A94061227410B9400C72D6C /* RootView.swift */,
				9A94061A27411A6800C72D6C /* TabContentView.swift */,
				9A9406182741193F00C72D6C /* SideMenu.swift */,
				9A9406162741137F00C72D6C /* CustomCorners.swift */,
				9A9406142741108E00C72D6C /* TabButton.swift */,
			);
			path = View;
			sourceTree = "<group>";
		};
		9AA898B62741086900DCAD73 = {
			isa = PBXGroup;
			children = (
				9AA898BB2741086A00DCAD73 /* Shared */,
				9AA898CA2741086A00DCAD73 /* macOS */,
				9AA898C42741086A00DCAD73 /* Products */,
			);
			sourceTree = "<group>";
		};
		9AA898BB2741086A00DCAD73 /* Shared */ = {
			isa = PBXGroup;
			children = (
				9A94061127410B7300C72D6C /* View */,
				9AA898BC2741086A00DCAD73 /* SwiftUI_Custom_Side_MenuApp.swift */,
				9AA898BD2741086A00DCAD73 /* ContentView.swift */,
				9AA898BE2741086A00DCAD73 /* Assets.xcassets */,
			);
			path = Shared;
			sourceTree = "<group>";
		};
		9AA898C42741086A00DCAD73 /* Products */ = {
			isa = PBXGroup;
			children = (
				9AA898C32741086A00DCAD73 /* SwiftUI-Custom-Side-Menu.app */,
				9AA898C92741086A00DCAD73 /* SwiftUI-Custom-Side-Menu.app */,
			);
			name = Products;
			sourceTree = "<group>";
		};
		9AA898CA2741086A00DCAD73 /* macOS */ = {
			isa = PBXGroup;
			children = (
				9AA898CB2741086A00DCAD73 /* macOS.entitlements */,
			);
			path = macOS;
			sourceTree = "<group>";
		};
/* End PBXGroup section */

/* Begin PBXNativeTarget section */
		9AA898C22741086A00DCAD73 /* SwiftUI-Custom-Side-Menu (iOS) */ = {
			isa = PBXNativeTarget;
			buildConfigurationList = 9AA898D42741086A00DCAD73 /* Build configuration list for PBXNativeTarget "SwiftUI-Custom-Side-Menu (iOS)" */;
			buildPhases = (
				9AA898BF2741086A00DCAD73 /* Sources */,
				9AA898C02741086A00DCAD73 /* Frameworks */,
				9AA898C12741086A00DCAD73 /* Resources */,
			);
			buildRules = (
			);
			dependencies = (
			);
			name = "SwiftUI-Custom-Side-Menu (iOS)";
			productName = "SwiftUI-Custom-Side-Menu (iOS)";
			productReference = 9AA898C32741086A00DCAD73 /* SwiftUI-Custom-Side-Menu.app */;
			productType = "com.apple.product-type.application";
		};
		9AA898C82741086A00DCAD73 /* SwiftUI-Custom-Side-Menu (macOS) */ = {
			isa = PBXNativeTarget;
			buildConfigurationList = 9AA898D72741086A00DCAD73 /* Build configuration list for PBXNativeTarget "SwiftUI-Custom-Side-Menu (macOS)" */;
			buildPhases = (
				9AA898C52741086A00DCAD73 /* Sources */,
				9AA898C62741086A00DCAD73 /* Frameworks */,
				9AA898C72741086A00DCAD73 /* Resources */,
			);
			buildRules = (
			);
			dependencies = (
			);
			name = "SwiftUI-Custom-Side-Menu (macOS)";
			productName = "SwiftUI-Custom-Side-Menu (macOS)";
			productReference = 9AA898C92741086A00DCAD73 /* SwiftUI-Custom-Side-Menu.app */;
			productType = "com.apple.product-type.application";
		};
/* End PBXNativeTarget section */

/* Begin PBXProject section */
		9AA898B72741086900DCAD73 /* Project object */ = {
			isa = PBXProject;
			attributes = {
				BuildIndependentTargetsInParallel = 1;
				LastSwiftUpdateCheck = 1310;
				LastUpgradeCheck = 1310;
				TargetAttributes = {
					9AA898C22741086A00DCAD73 = {
						CreatedOnToolsVersion = 13.1;
					};
					9AA898C82741086A00DCAD73 = {
						CreatedOnToolsVersion = 13.1;
					};
				};
			};
			buildConfigurationList = 9AA898BA2741086900DCAD73 /* Build configuration list for PBXProject "SwiftUI-Custom-Side-Menu" */;
			compatibilityVersion = "Xcode 13.0";
			developmentRegion = en;
			hasScannedForEncodings = 0;
			knownRegions = (
				en,
				Base,
			);
			mainGroup = 9AA898B62741086900DCAD73;
			productRefGroup = 9AA898C42741086A00DCAD73 /* Products */;
			projectDirPath = "";
			projectRoot = "";
			targets = (
				9AA898C22741086A00DCAD73 /* SwiftUI-Custom-Side-Menu (iOS) */,
				9AA898C82741086A00DCAD73 /* SwiftUI-Custom-Side-Menu (macOS) */,
			);
		};
/* End PBXProject section */

/* Begin PBXResourcesBuildPhase section */
		9AA898C12741086A00DCAD73 /* Resources */ = {
			isa = PBXResourcesBuildPhase;
			buildActionMask = 2147483647;
			files = (
				9AA898D02741086A00DCAD73 /* Assets.xcassets in Resources */,
			);
			runOnlyForDeploymentPostprocessing = 0;
		};
		9AA898C72741086A00DCAD73 /* Resources */ = {
			isa = PBXResourcesBuildPhase;
			buildActionMask = 2147483647;
			files = (
				9AA898D12741086A00DCAD73 /* Assets.xcassets in Resources */,
			);
			runOnlyForDeploymentPostprocessing = 0;
		};
/* End PBXResourcesBuildPhase section */

/* Begin PBXSourcesBuildPhase section */
		9AA898BF2741086A00DCAD73 /* Sources */ = {
			isa = PBXSourcesBuildPhase;
			buildActionMask = 2147483647;
			files = (
				9AA898CE2741086A00DCAD73 /* ContentView.swift in Sources */,
				9A9406152741108E00C72D6C /* TabButton.swift in Sources */,
				9AA898CC2741086A00DCAD73 /* SwiftUI_Custom_Side_MenuApp.swift in Sources */,
				9A9406192741193F00C72D6C /* SideMenu.swift in Sources */,
				9A94061327410B9400C72D6C /* RootView.swift in Sources */,
				9A94061B27411A6800C72D6C /* TabContentView.swift in Sources */,
				9A9406172741137F00C72D6C /* CustomCorners.swift in Sources */,
			);
			runOnlyForDeploymentPostprocessing = 0;
		};
		9AA898C52741086A00DCAD73 /* Sources */ = {
			isa = PBXSourcesBuildPhase;
			buildActionMask = 2147483647;
			files = (
				9AA898CF2741086A00DCAD73 /* ContentView.swift in Sources */,
				9AA898CD2741086A00DCAD73 /* SwiftUI_Custom_Side_MenuApp.swift in Sources */,
			);
			runOnlyForDeploymentPostprocessing = 0;
		};
/* End PBXSourcesBuildPhase section */

/* Begin XCBuildConfiguration section */
		9AA898D22741086A00DCAD73 /* Debug */ = {
			isa = XCBuildConfiguration;
			buildSettings = {
				ALWAYS_SEARCH_USER_PATHS = NO;
				CLANG_ANALYZER_NONNULL = YES;
				CLANG_ANALYZER_NUMBER_OBJECT_CONVERSION = YES_AGGRESSIVE;
				CLANG_CXX_LANGUAGE_STANDARD = "gnu++17";
				CLANG_CXX_LIBRARY = "libc++";
				CLANG_ENABLE_MODULES = YES;
				CLANG_ENABLE_OBJC_ARC = YES;
				CLANG_ENABLE_OBJC_WEAK = YES;
				CLANG_WARN_BLOCK_CAPTURE_AUTORELEASING = YES;
				CLANG_WARN_BOOL_CONVERSION = YES;
				CLANG_WARN_COMMA = YES;
				CLANG_WARN_CONSTANT_CONVERSION = YES;
				CLANG_WARN_DEPRECATED_OBJC_IMPLEMENTATIONS = YES;
				CLANG_WARN_DIRECT_OBJC_ISA_USAGE = YES_ERROR;
				CLANG_WARN_DOCUMENTATION_COMMENTS = YES;
				CLANG_WARN_EMPTY_BODY = YES;
				CLANG_WARN_ENUM_CONVERSION = YES;
				CLANG_WARN_INFINITE_RECURSION = YES;
				CLANG_WARN_INT_CONVERSION = YES;
				CLANG_WARN_NON_LITERAL_NULL_CONVERSION = YES;
				CLANG_WARN_OBJC_IMPLICIT_RETAIN_SELF = YES;
				CLANG_WARN_OBJC_LITERAL_CONVERSION = YES;
				CLANG_WARN_OBJC_ROOT_CLASS = YES_ERROR;
				CLANG_WARN_QUOTED_INCLUDE_IN_FRAMEWORK_HEADER = YES;
				CLANG_WARN_RANGE_LOOP_ANALYSIS = YES;
				CLANG_WARN_STRICT_PROTOTYPES = YES;
				CLANG_WARN_SUSPICIOUS_MOVE = YES;
				CLANG_WARN_UNGUARDED_AVAILABILITY = YES_AGGRESSIVE;
				CLANG_WARN_UNREACHABLE_CODE = YES;
				CLANG_WARN__DUPLICATE_METHOD_MATCH = YES;
				COPY_PHASE_STRIP = NO;
				DEBUG_INFORMATION_FORMAT = dwarf;
				ENABLE_STRICT_OBJC_MSGSEND = YES;
				ENABLE_TESTABILITY = YES;
				GCC_C_LANGUAGE_STANDARD = gnu11;
				GCC_DYNAMIC_NO_PIC = NO;
				GCC_NO_COMMON_BLOCKS = YES;
				GCC_OPTIMIZATION_LEVEL = 0;
				GCC_PREPROCESSOR_DEFINITIONS = (
					"DEBUG=1",
					"$(inherited)",
				);
				GCC_WARN_64_TO_32_BIT_CONVERSION = YES;
				GCC_WARN_ABOUT_RETURN_TYPE = YES_ERROR;
				GCC_WARN_UNDECLARED_SELECTOR = YES;
				GCC_WARN_UNINITIALIZED_AUTOS = YES_AGGRESSIVE;
				GCC_WARN_UNUSED_FUNCTION = YES;
				GCC_WARN_UNUSED_VARIABLE = YES;
				MTL_ENABLE_DEBUG_INFO = INCLUDE_SOURCE;
				MTL_FAST_MATH = YES;
				ONLY_ACTIVE_ARCH = YES;
				SWIFT_ACTIVE_COMPILATION_CONDITIONS = DEBUG;
				SWIFT_OPTIMIZATION_LEVEL = "-Onone";
			};
			name = Debug;
		};
		9AA898D32741086A00DCAD73 /* Release */ = {
			isa = XCBuildConfiguration;
			buildSettings = {
				ALWAYS_SEARCH_USER_PATHS = NO;
				CLANG_ANALYZER_NONNULL = YES;
				CLANG_ANALYZER_NUMBER_OBJECT_CONVERSION = YES_AGGRESSIVE;
				CLANG_CXX_LANGUAGE_STANDARD = "gnu++17";
				CLANG_CXX_LIBRARY = "libc++";
				CLANG_ENABLE_MODULES = YES;
				CLANG_ENABLE_OBJC_ARC = YES;
				CLANG_ENABLE_OBJC_WEAK = YES;
				CLANG_WARN_BLOCK_CAPTURE_AUTORELEASING = YES;
				CLANG_WARN_BOOL_CONVERSION = YES;
				CLANG_WARN_COMMA = YES;
				CLANG_WARN_CONSTANT_CONVERSION = YES;
				CLANG_WARN_DEPRECATED_OBJC_IMPLEMENTATIONS = YES;
				CLANG_WARN_DIRECT_OBJC_ISA_USAGE = YES_ERROR;
				CLANG_WARN_DOCUMENTATION_COMMENTS = YES;
				CLANG_WARN_EMPTY_BODY = YES;
				CLANG_WARN_ENUM_CONVERSION = YES;
				CLANG_WARN_INFINITE_RECURSION = YES;
				CLANG_WARN_INT_CONVERSION = YES;
				CLANG_WARN_NON_LITERAL_NULL_CONVERSION = YES;
				CLANG_WARN_OBJC_IMPLICIT_RETAIN_SELF = YES;
				CLANG_WARN_OBJC_LITERAL_CONVERSION = YES;
				CLANG_WARN_OBJC_ROOT_CLASS = YES_ERROR;
				CLANG_WARN_QUOTED_INCLUDE_IN_FRAMEWORK_HEADER = YES;
				CLANG_WARN_RANGE_LOOP_ANALYSIS = YES;
				CLANG_WARN_STRICT_PROTOTYPES = YES;
				CLANG_WARN_SUSPICIOUS_MOVE = YES;
				CLANG_WARN_UNGUARDED_AVAILABILITY = YES_AGGRESSIVE;
				CLANG_WARN_UNREACHABLE_CODE = YES;
				CLANG_WARN__DUPLICATE_METHOD_MATCH = YES;
				COPY_PHASE_STRIP = NO;
				DEBUG_INFORMATION_FORMAT = "dwarf-with-dsym";
				ENABLE_NS_ASSERTIONS = NO;
				ENABLE_STRICT_OBJC_MSGSEND = YES;
				GCC_C_LANGUAGE_STANDARD = gnu11;
				GCC_NO_COMMON_BLOCKS = YES;
				GCC_WARN_64_TO_32_BIT_CONVERSION = YES;
				GCC_WARN_ABOUT_RETURN_TYPE = YES_ERROR;
				GCC_WARN_UNDECLARED_SELECTOR = YES;
				GCC_WARN_UNINITIALIZED_AUTOS = YES_AGGRESSIVE;
				GCC_WARN_UNUSED_FUNCTION = YES;
				GCC_WARN_UNUSED_VARIABLE = YES;
				MTL_ENABLE_DEBUG_INFO = NO;
				MTL_FAST_MATH = YES;
				SWIFT_COMPILATION_MODE = wholemodule;
				SWIFT_OPTIMIZATION_LEVEL = "-O";
			};
			name = Release;
		};
		9AA898D52741086A00DCAD73 /* Debug */ = {
			isa = XCBuildConfiguration;
			buildSettings = {
				ASSETCATALOG_COMPILER_APPICON_NAME = AppIcon;
				ASSETCATALOG_COMPILER_GLOBAL_ACCENT_COLOR_NAME = AccentColor;
				CODE_SIGN_STYLE = Automatic;
				CURRENT_PROJECT_VERSION = 1;
				DEVELOPMENT_TEAM = 9G3YY3Y77Z;
				ENABLE_PREVIEWS = YES;
				GENERATE_INFOPLIST_FILE = YES;
				INFOPLIST_KEY_UIApplicationSceneManifest_Generation = YES;
				INFOPLIST_KEY_UIApplicationSupportsIndirectInputEvents = YES;
				INFOPLIST_KEY_UILaunchScreen_Generation = YES;
				INFOPLIST_KEY_UISupportedInterfaceOrientations_iPad = "UIInterfaceOrientationPortrait UIInterfaceOrientationPortraitUpsideDown UIInterfaceOrientationLandscapeLeft UIInterfaceOrientationLandscapeRight";
				INFOPLIST_KEY_UISupportedInterfaceOrientations_iPhone = "UIInterfaceOrientationPortrait UIInterfaceOrientationLandscapeLeft UIInterfaceOrientationLandscapeRight";
				IPHONEOS_DEPLOYMENT_TARGET = 15.0;
				LD_RUNPATH_SEARCH_PATHS = (
					"$(inherited)",
					"@executable_path/Frameworks",
				);
				MARKETING_VERSION = 1.0;
				PRODUCT_BUNDLE_IDENTIFIER = "jp.dd2d.SwiftUI-Custom-Side-Menu";
				PRODUCT_NAME = "SwiftUI-Custom-Side-Menu";
				SDKROOT = iphoneos;
				SWIFT_EMIT_LOC_STRINGS = YES;
				SWIFT_VERSION = 5.0;
				TARGETED_DEVICE_FAMILY = "1,2";
			};
			name = Debug;
		};
		9AA898D62741086A00DCAD73 /* Release */ = {
			isa = XCBuildConfiguration;
			buildSettings = {
				ASSETCATALOG_COMPILER_APPICON_NAME = AppIcon;
				ASSETCATALOG_COMPILER_GLOBAL_ACCENT_COLOR_NAME = AccentColor;
				CODE_SIGN_STYLE = Automatic;
				CURRENT_PROJECT_VERSION = 1;
				DEVELOPMENT_TEAM = 9G3YY3Y77Z;
				ENABLE_PREVIEWS = YES;
				GENERATE_INFOPLIST_FILE = YES;
				INFOPLIST_KEY_UIApplicationSceneManifest_Generation = YES;
				INFOPLIST_KEY_UIApplicationSupportsIndirectInputEvents = YES;
				INFOPLIST_KEY_UILaunchScreen_Generation = YES;
				INFOPLIST_KEY_UISupportedInterfaceOrientations_iPad = "UIInterfaceOrientationPortrait UIInterfaceOrientationPortraitUpsideDown UIInterfaceOrientationLandscapeLeft UIInterfaceOrientationLandscapeRight";
				INFOPLIST_KEY_UISupportedInterfaceOrientations_iPhone = "UIInterfaceOrientationPortrait UIInterfaceOrientationLandscapeLeft UIInterfaceOrientationLandscapeRight";
				IPHONEOS_DEPLOYMENT_TARGET = 15.0;
				LD_RUNPATH_SEARCH_PATHS = (
					"$(inherited)",
					"@executable_path/Frameworks",
				);
				MARKETING_VERSION = 1.0;
				PRODUCT_BUNDLE_IDENTIFIER = "jp.dd2d.SwiftUI-Custom-Side-Menu";
				PRODUCT_NAME = "SwiftUI-Custom-Side-Menu";
				SDKROOT = iphoneos;
				SWIFT_EMIT_LOC_STRINGS = YES;
				SWIFT_VERSION = 5.0;
				TARGETED_DEVICE_FAMILY = "1,2";
				VALIDATE_PRODUCT = YES;
			};
			name = Release;
		};
		9AA898D82741086A00DCAD73 /* Debug */ = {
			isa = XCBuildConfiguration;
			buildSettings = {
				ASSETCATALOG_COMPILER_APPICON_NAME = AppIcon;
				ASSETCATALOG_COMPILER_GLOBAL_ACCENT_COLOR_NAME = AccentColor;
				CODE_SIGN_ENTITLEMENTS = macOS/macOS.entitlements;
				CODE_SIGN_STYLE = Automatic;
				COMBINE_HIDPI_IMAGES = YES;
				CURRENT_PROJECT_VERSION = 1;
				DEVELOPMENT_TEAM = 9G3YY3Y77Z;
				ENABLE_HARDENED_RUNTIME = YES;
				ENABLE_PREVIEWS = YES;
				GENERATE_INFOPLIST_FILE = YES;
				INFOPLIST_KEY_NSHumanReadableCopyright = "";
				LD_RUNPATH_SEARCH_PATHS = (
					"$(inherited)",
					"@executable_path/../Frameworks",
				);
				MACOSX_DEPLOYMENT_TARGET = 12.0;
				MARKETING_VERSION = 1.0;
				PRODUCT_BUNDLE_IDENTIFIER = "jp.dd2d.SwiftUI-Custom-Side-Menu";
				PRODUCT_NAME = "SwiftUI-Custom-Side-Menu";
				SDKROOT = macosx;
				SWIFT_EMIT_LOC_STRINGS = YES;
				SWIFT_VERSION = 5.0;
			};
			name = Debug;
		};
		9AA898D92741086A00DCAD73 /* Release */ = {
			isa = XCBuildConfiguration;
			buildSettings = {
				ASSETCATALOG_COMPILER_APPICON_NAME = AppIcon;
				ASSETCATALOG_COMPILER_GLOBAL_ACCENT_COLOR_NAME = AccentColor;
				CODE_SIGN_ENTITLEMENTS = macOS/macOS.entitlements;
				CODE_SIGN_STYLE = Automatic;
				COMBINE_HIDPI_IMAGES = YES;
				CURRENT_PROJECT_VERSION = 1;
				DEVELOPMENT_TEAM = 9G3YY3Y77Z;
				ENABLE_HARDENED_RUNTIME = YES;
				ENABLE_PREVIEWS = YES;
				GENERATE_INFOPLIST_FILE = YES;
				INFOPLIST_KEY_NSHumanReadableCopyright = "";
				LD_RUNPATH_SEARCH_PATHS = (
					"$(inherited)",
					"@executable_path/../Frameworks",
				);
				MACOSX_DEPLOYMENT_TARGET = 12.0;
				MARKETING_VERSION = 1.0;
				PRODUCT_BUNDLE_IDENTIFIER = "jp.dd2d.SwiftUI-Custom-Side-Menu";
				PRODUCT_NAME = "SwiftUI-Custom-Side-Menu";
				SDKROOT = macosx;
				SWIFT_EMIT_LOC_STRINGS = YES;
				SWIFT_VERSION = 5.0;
			};
			name = Release;
		};
/* End XCBuildConfiguration section */

/* Begin XCConfigurationList section */
		9AA898BA2741086900DCAD73 /* Build configuration list for PBXProject "SwiftUI-Custom-Side-Menu" */ = {
			isa = XCConfigurationList;
			buildConfigurations = (
				9AA898D22741086A00DCAD73 /* Debug */,
				9AA898D32741086A00DCAD73 /* Release */,
			);
			defaultConfigurationIsVisible = 0;
			defaultConfigurationName = Release;
		};
		9AA898D42741086A00DCAD73 /* Build configuration list for PBXNativeTarget "SwiftUI-Custom-Side-Menu (iOS)" */ = {
			isa = XCConfigurationList;
			buildConfigurations = (
				9AA898D52741086A00DCAD73 /* Debug */,
				9AA898D62741086A00DCAD73 /* Release */,
			);
			defaultConfigurationIsVisible = 0;
			defaultConfigurationName = Release;
		};
		9AA898D72741086A00DCAD73 /* Build configuration list for PBXNativeTarget "SwiftUI-Custom-Side-Menu (macOS)" */ = {
			isa = XCConfigurationList;
			buildConfigurations = (
				9AA898D82741086A00DCAD73 /* Debug */,
				9AA898D92741086A00DCAD73 /* Release */,
			);
			defaultConfigurationIsVisible = 0;
			defaultConfigurationName = Release;
		};
/* End XCConfigurationList section */
	};
	rootObject = 9AA898B72741086900DCAD73 /* Project object */;
}
